
Microsoft Visual Studio Solution File, Format Version 12.00
# Visual Studio Version 16
VisualStudioVersion = 16.0.29806.167
MinimumVisualStudioVersion = 10.0.40219.1
Project("{9A19103F-16F7-4668-BE54-9A1E7A4F7556}") = "Domain", "Domain\Domain.csproj", "{70F79B4B-C83E-4540-8DC9-46CE0CA23FB9}"
EndProject
Project("{9A19103F-16F7-4668-BE54-9A1E7A4F7556}") = "Application", "Application\Application.csproj", "{D7178EAD-B360-4D2C-9700-93812C1D1A09}"
EndProject
Project("{9A19103F-16F7-4668-BE54-9A1E7A4F7556}") = "RPGCombatConsoleApp", "RPGCombatConsoleApp\RPGCombatConsoleApp.csproj", "{7472472A-C7A2-4990-9E19-3AB707CF1079}"
EndProject
Global
	GlobalSection(SolutionConfigurationPlatforms) = preSolution
		Debug|Any CPU = Debug|Any CPU
		Release|Any CPU = Release|Any CPU
	EndGlobalSection
	GlobalSection(ProjectConfigurationPlatforms) = postSolution
		{70F79B4B-C83E-4540-8DC9-46CE0CA23FB9}.Debug|Any CPU.ActiveCfg = Debug|Any CPU
		{70F79B4B-C83E-4540-8DC9-46CE0CA23FB9}.Debug|Any CPU.Build.0 = Debug|Any CPU
		{70F79B4B-C83E-4540-8DC9-46CE0CA23FB9}.Release|Any CPU.ActiveCfg = Release|Any CPU
		{70F79B4B-C83E-4540-8DC9-46CE0CA23FB9}.Release|Any CPU.Build.0 = Release|Any CPU
		{D7178EAD-B360-4D2C-9700-93812C1D1A09}.Debug|Any CPU.ActiveCfg = Debug|Any CPU
		{D7178EAD-B360-4D2C-9700-93812C1D1A09}.Debug|Any CPU.Build.0 = Debug|Any CPU
		{D7178EAD-B360-4D2C-9700-93812C1D1A09}.Release|Any CPU.ActiveCfg = Release|Any CPU
		{D7178EAD-B360-4D2C-9700-93812C1D1A09}.Release|Any CPU.Build.0 = Release|Any CPU
		{7472472A-C7A2-4990-9E19-3AB707CF1079}.Debug|Any CPU.ActiveCfg = Debug|Any CPU
		{7472472A-C7A2-4990-9E19-3AB707CF1079}.Debug|Any CPU.Build.0 = Debug|Any CPU
		{7472472A-C7A2-4990-9E19-3AB707CF1079}.Release|Any CPU.ActiveCfg = Release|Any CPU
		{7472472A-C7A2-4990-9E19-3AB707CF1079}.Release|Any CPU.Build.0 = Release|Any CPU
	EndGlobalSection
	GlobalSection(SolutionProperties) = preSolution
		HideSolutionNode = FALSE
	EndGlobalSection
	GlobalSection(ExtensibilityGlobals) = postSolution
		SolutionGuid = {47A9970D-EF0C-4671-B15C-032FAF46E696}
	EndGlobalSection
EndGlobal
